
Microsoft Visual Studio Solution File, Format Version 12.00
# Visual Studio Version 17
VisualStudioVersion = 17.5.002.0
MinimumVisualStudioVersion = 10.0.40219.1
Project("{9A19103F-16F7-4668-BE54-9A1E7A4F7556}") = "test-api", "test-api.csproj", "{EC80E8A2-E045-4CCD-A32F-4BD8B4DA641E}"
EndProject
Global
	GlobalSection(SolutionConfigurationPlatforms) = preSolution
		Debug|Any CPU = Debug|Any CPU
		Release|Any CPU = Release|Any CPU
	EndGlobalSection
	GlobalSection(ProjectConfigurationPlatforms) = postSolution
		{EC80E8A2-E045-4CCD-A32F-4BD8B4DA641E}.Debug|Any CPU.ActiveCfg = Debug|Any CPU
		{EC80E8A2-E045-4CCD-A32F-4BD8B4DA641E}.Debug|Any CPU.Build.0 = Debug|Any CPU
		{EC80E8A2-E045-4CCD-A32F-4BD8B4DA641E}.Release|Any CPU.ActiveCfg = Release|Any CPU
		{EC80E8A2-E045-4CCD-A32F-4BD8B4DA641E}.Release|Any CPU.Build.0 = Release|Any CPU
	EndGlobalSection
	GlobalSection(SolutionProperties) = preSolution
		HideSolutionNode = FALSE
	EndGlobalSection
	GlobalSection(ExtensibilityGlobals) = postSolution
		SolutionGuid = {AC6480A8-522D-48A9-B29B-83D91DF82052}
	EndGlobalSection
EndGlobal
